
Microsoft Visual Studio Solution File, Format Version 12.00
# Visual Studio Version 16
VisualStudioVersion = 16.0.31702.278
MinimumVisualStudioVersion = 10.0.40219.1
Project("{9A19103F-16F7-4668-BE54-9A1E7A4F7556}") = "WebApp", "WebApplication4\WebApp.csproj", "{C76AEA70-C4CB-4B14-817C-AB01DDC886E0}"
EndProject
Global
	GlobalSection(SolutionConfigurationPlatforms) = preSolution
		Debug|Any CPU = Debug|Any CPU
		Release|Any CPU = Release|Any CPU
	EndGlobalSection
	GlobalSection(ProjectConfigurationPlatforms) = postSolution
		{C76AEA70-C4CB-4B14-817C-AB01DDC886E0}.Debug|Any CPU.ActiveCfg = Debug|Any CPU
		{C76AEA70-C4CB-4B14-817C-AB01DDC886E0}.Debug|Any CPU.Build.0 = Debug|Any CPU
		{C76AEA70-C4CB-4B14-817C-AB01DDC886E0}.Release|Any CPU.ActiveCfg = Release|Any CPU
		{C76AEA70-C4CB-4B14-817C-AB01DDC886E0}.Release|Any CPU.Build.0 = Release|Any CPU
	EndGlobalSection
	GlobalSection(SolutionProperties) = preSolution
		HideSolutionNode = FALSE
	EndGlobalSection
	GlobalSection(ExtensibilityGlobals) = postSolution
		SolutionGuid = {0124EA6D-C977-4F8C-A286-9E8EB2CB2163}
	EndGlobalSection
EndGlobal
